
Microsoft Visual Studio Solution File, Format Version 12.00
# Visual Studio Version 16
VisualStudioVersion = 16.0.29920.165
MinimumVisualStudioVersion = 10.0.40219.1
Project("{FAE04EC0-301F-11D3-BF4B-00C04F79EFBC}") = "Dolotniy_profit", "Dolotniy_profit.csproj", "{E1C0AD15-2A58-4DC4-83C2-05CA02941547}"
EndProject
Global
	GlobalSection(SolutionConfigurationPlatforms) = preSolution
		Debug|Any CPU = Debug|Any CPU
		Release|Any CPU = Release|Any CPU
	EndGlobalSection
	GlobalSection(ProjectConfigurationPlatforms) = postSolution
		{E1C0AD15-2A58-4DC4-83C2-05CA02941547}.Debug|Any CPU.ActiveCfg = Debug|Any CPU
		{E1C0AD15-2A58-4DC4-83C2-05CA02941547}.Debug|Any CPU.Build.0 = Debug|Any CPU
		{E1C0AD15-2A58-4DC4-83C2-05CA02941547}.Release|Any CPU.ActiveCfg = Release|Any CPU
		{E1C0AD15-2A58-4DC4-83C2-05CA02941547}.Release|Any CPU.Build.0 = Release|Any CPU
	EndGlobalSection
	GlobalSection(SolutionProperties) = preSolution
		HideSolutionNode = FALSE
	EndGlobalSection
	GlobalSection(ExtensibilityGlobals) = postSolution
		SolutionGuid = {B9C43DAF-9261-4517-8494-F38922365505}
	EndGlobalSection
EndGlobal
